{
	"name": "e-trade-api",
	"version": "0.2.4",
	"lockfileVersion": 2,
	"requires": true,
	"packages": {
		"": {
			"name": "e-trade-api",
			"version": "0.2.4",
			"license": "Apache-2.0",
			"dependencies": {
				"axios": "^0.21.1",
				"debug": "^4.1.1",
				"deepmerge": "^4.2.2",
				"generic-throttle": "^3.0.1",
				"oauth-1.0a": "^2.2.6"
			},
			"devDependencies": {
				"@types/debug": "^4.1.5",
				"@types/node": "^14.6.2",
				"typescript": "^4.0.2"
			},
			"engines": {
				"node": ">=10.14.2"
			}
		},
		"node_modules/@types/debug": {
			"version": "4.1.5",
			"resolved": "https://registry.npmjs.org/@types/debug/-/debug-4.1.5.tgz",
			"integrity": "sha512-Q1y515GcOdTHgagaVFhHnIFQ38ygs/kmxdNpvpou+raI9UO3YZcHDngBSYKQklcKlvA7iuQlmIKbzvmxcOE9CQ==",
			"dev": true
		},
		"node_modules/@types/node": {
			"version": "14.6.4",
			"resolved": "https://registry.npmjs.org/@types/node/-/node-14.6.4.tgz",
			"integrity": "sha512-Wk7nG1JSaMfMpoMJDKUsWYugliB2Vy55pdjLpmLixeyMi7HizW2I/9QoxsPCkXl3dO+ZOVqPumKaDUv5zJu2uQ==",
			"dev": true
		},
		"node_modules/axios": {
			"version": "0.21.4",
			"resolved": "https://registry.npmjs.org/axios/-/axios-0.21.4.tgz",
			"integrity": "sha512-ut5vewkiu8jjGBdqpM44XxjuCjq9LAKeHVmoVfHVzy8eHgxxq8SbAVQNovDA8mVi05kP0Ea/n/UzcSHcTJQfNg==",
			"dependencies": {
				"follow-redirects": "^1.14.0"
			}
		},
		"node_modules/debug": {
			"version": "4.1.1",
			"resolved": "https://registry.npmjs.org/debug/-/debug-4.1.1.tgz",
			"integrity": "sha512-pYAIzeRo8J6KPEaJ0VWOh5Pzkbw/RetuzehGM7QRRX5he4fPHx2rdKMB256ehJCkX+XRQm16eZLqLNS8RSZXZw==",
			"deprecated": "Debug versions >=3.2.0 <3.2.7 || >=4 <4.3.1 have a low-severity ReDos regression when used in a Node.js environment. It is recommended you upgrade to 3.2.7 or 4.3.1. (https://github.com/visionmedia/debug/issues/797)",
			"dependencies": {
				"ms": "^2.1.1"
			}
		},
		"node_modules/deepmerge": {
			"version": "4.2.2",
			"resolved": "https://registry.npmjs.org/deepmerge/-/deepmerge-4.2.2.tgz",
			"integrity": "sha512-FJ3UgI4gIl+PHZm53knsuSFpE+nESMr7M4v9QcgB7S63Kj/6WqMiFQJpBBYz1Pt+66bZpP3Q7Lye0Oo9MPKEdg==",
			"engines": {
				"node": ">=0.10.0"
			}
		},
		"node_modules/follow-redirects": {
			"version": "1.15.2",
			"resolved": "https://registry.npmjs.org/follow-redirects/-/follow-redirects-1.15.2.tgz",
			"integrity": "sha512-VQLG33o04KaQ8uYi2tVNbdrWp1QWxNNea+nmIB4EVM28v0hmP17z7aG1+wAkNzVq4KeXTq3221ye5qTJP91JwA==",
			"funding": [
				{
					"type": "individual",
					"url": "https://github.com/sponsors/RubenVerborgh"
				}
			],
			"engines": {
				"node": ">=4.0"
			},
			"peerDependenciesMeta": {
				"debug": {
					"optional": true
				}
			}
		},
		"node_modules/generic-throttle": {
			"version": "3.0.1",
			"resolved": "https://registry.npmjs.org/generic-throttle/-/generic-throttle-3.0.1.tgz",
			"integrity": "sha512-OtE3sgi30IByK9/EYUwDJXi4jMkJVgXtbRnyxm5fwuj56mcfZ/AJwxqxtkNDtskJZQtUZ7FOk+UUKiG2X+dGrQ==",
			"dependencies": {
				"@types/node": "^13.13.15"
			}
		},
		"node_modules/generic-throttle/node_modules/@types/node": {
			"version": "13.13.17",
			"resolved": "https://registry.npmjs.org/@types/node/-/node-13.13.17.tgz",
			"integrity": "sha512-rGZftvdDpsYtG/rOlDOwny1f6Aq4FHJdGSVfPg5vC2DaR9Rt4W2OpsOF5GTU2bSqZmwTkfnsvJhhzpMWYxxlEA=="
		},
		"node_modules/ms": {
			"version": "2.1.2",
			"resolved": "https://registry.npmjs.org/ms/-/ms-2.1.2.tgz",
			"integrity": "sha512-sGkPx+VjMtmA6MX27oA4FBFELFCZZ4S4XqeGOXCv68tT+jb3vk/RyaKWP0PTKyWtmLSM0b+adUTEvbs1PEaH2w=="
		},
		"node_modules/oauth-1.0a": {
			"version": "2.2.6",
			"resolved": "https://registry.npmjs.org/oauth-1.0a/-/oauth-1.0a-2.2.6.tgz",
			"integrity": "sha512-6bkxv3N4Gu5lty4viIcIAnq5GbxECviMBeKR3WX/q87SPQ8E8aursPZUtsXDnxCs787af09WPRBLqYrf/lwoYQ=="
		},
		"node_modules/typescript": {
			"version": "4.0.2",
			"resolved": "https://registry.npmjs.org/typescript/-/typescript-4.0.2.tgz",
			"integrity": "sha512-e4ERvRV2wb+rRZ/IQeb3jm2VxBsirQLpQhdxplZ2MEzGvDkkMmPglecnNDfSUBivMjP93vRbngYYDQqQ/78bcQ==",
			"dev": true,
			"bin": {
				"tsc": "bin/tsc",
				"tsserver": "bin/tsserver"
			},
			"engines": {
				"node": ">=4.2.0"
			}
		}
	},
	"dependencies": {
		"@types/debug": {
			"version": "4.1.5",
			"resolved": "https://registry.npmjs.org/@types/debug/-/debug-4.1.5.tgz",
			"integrity": "sha512-Q1y515GcOdTHgagaVFhHnIFQ38ygs/kmxdNpvpou+raI9UO3YZcHDngBSYKQklcKlvA7iuQlmIKbzvmxcOE9CQ==",
			"dev": true
		},
		"@types/node": {
			"version": "14.6.4",
			"resolved": "https://registry.npmjs.org/@types/node/-/node-14.6.4.tgz",
			"integrity": "sha512-Wk7nG1JSaMfMpoMJDKUsWYugliB2Vy55pdjLpmLixeyMi7HizW2I/9QoxsPCkXl3dO+ZOVqPumKaDUv5zJu2uQ==",
			"dev": true
		},
		"axios": {
			"version": "0.21.4",
			"resolved": "https://registry.npmjs.org/axios/-/axios-0.21.4.tgz",
			"integrity": "sha512-ut5vewkiu8jjGBdqpM44XxjuCjq9LAKeHVmoVfHVzy8eHgxxq8SbAVQNovDA8mVi05kP0Ea/n/UzcSHcTJQfNg==",
			"requires": {
				"follow-redirects": "^1.14.0"
			}
		},
		"debug": {
			"version": "4.1.1",
			"resolved": "https://registry.npmjs.org/debug/-/debug-4.1.1.tgz",
			"integrity": "sha512-pYAIzeRo8J6KPEaJ0VWOh5Pzkbw/RetuzehGM7QRRX5he4fPHx2rdKMB256ehJCkX+XRQm16eZLqLNS8RSZXZw==",
			"requires": {
				"ms": "^2.1.1"
			}
		},
		"deepmerge": {
			"version": "4.2.2",
			"resolved": "https://registry.npmjs.org/deepmerge/-/deepmerge-4.2.2.tgz",
			"integrity": "sha512-FJ3UgI4gIl+PHZm53knsuSFpE+nESMr7M4v9QcgB7S63Kj/6WqMiFQJpBBYz1Pt+66bZpP3Q7Lye0Oo9MPKEdg=="
		},
		"follow-redirects": {
			"version": "1.15.2",
			"resolved": "https://registry.npmjs.org/follow-redirects/-/follow-redirects-1.15.2.tgz",
			"integrity": "sha512-VQLG33o04KaQ8uYi2tVNbdrWp1QWxNNea+nmIB4EVM28v0hmP17z7aG1+wAkNzVq4KeXTq3221ye5qTJP91JwA=="
		},
		"generic-throttle": {
			"version": "3.0.1",
			"resolved": "https://registry.npmjs.org/generic-throttle/-/generic-throttle-3.0.1.tgz",
			"integrity": "sha512-OtE3sgi30IByK9/EYUwDJXi4jMkJVgXtbRnyxm5fwuj56mcfZ/AJwxqxtkNDtskJZQtUZ7FOk+UUKiG2X+dGrQ==",
			"requires": {
				"@types/node": "^13.13.15"
			},
			"dependencies": {
				"@types/node": {
					"version": "13.13.17",
					"resolved": "https://registry.npmjs.org/@types/node/-/node-13.13.17.tgz",
					"integrity": "sha512-rGZftvdDpsYtG/rOlDOwny1f6Aq4FHJdGSVfPg5vC2DaR9Rt4W2OpsOF5GTU2bSqZmwTkfnsvJhhzpMWYxxlEA=="
				}
			}
		},
		"ms": {
			"version": "2.1.2",
			"resolved": "https://registry.npmjs.org/ms/-/ms-2.1.2.tgz",
			"integrity": "sha512-sGkPx+VjMtmA6MX27oA4FBFELFCZZ4S4XqeGOXCv68tT+jb3vk/RyaKWP0PTKyWtmLSM0b+adUTEvbs1PEaH2w=="
		},
		"oauth-1.0a": {
			"version": "2.2.6",
			"resolved": "https://registry.npmjs.org/oauth-1.0a/-/oauth-1.0a-2.2.6.tgz",
			"integrity": "sha512-6bkxv3N4Gu5lty4viIcIAnq5GbxECviMBeKR3WX/q87SPQ8E8aursPZUtsXDnxCs787af09WPRBLqYrf/lwoYQ=="
		},
		"typescript": {
			"version": "4.0.2",
			"resolved": "https://registry.npmjs.org/typescript/-/typescript-4.0.2.tgz",
			"integrity": "sha512-e4ERvRV2wb+rRZ/IQeb3jm2VxBsirQLpQhdxplZ2MEzGvDkkMmPglecnNDfSUBivMjP93vRbngYYDQqQ/78bcQ==",
			"dev": true
		}
	}
}
